
Microsoft Visual Studio Solution File, Format Version 12.00
# Visual Studio Version 17
VisualStudioVersion = 17.0.31903.59
MinimumVisualStudioVersion = 10.0.40219.1
Project("{9A19103F-16F7-4668-BE54-9A1E7A4F7556}") = "NotificationAPI", "NotificationAPI\NotificationAPI.csproj", "{1B11D2AF-08C9-4DCF-AFCE-5809A85D7DBA}"
EndProject
Project("{9A19103F-16F7-4668-BE54-9A1E7A4F7556}") = "NotificationConsumer", "NotificationConsumer\NotificationConsumer.csproj", "{8A325CCE-7980-4CEC-8BF1-A477F5601EC9}"
EndProject
Global
	GlobalSection(SolutionConfigurationPlatforms) = preSolution
		Debug|Any CPU = Debug|Any CPU
		Release|Any CPU = Release|Any CPU
	EndGlobalSection
	GlobalSection(ProjectConfigurationPlatforms) = postSolution
		{1B11D2AF-08C9-4DCF-AFCE-5809A85D7DBA}.Debug|Any CPU.ActiveCfg = Debug|Any CPU
		{1B11D2AF-08C9-4DCF-AFCE-5809A85D7DBA}.Debug|Any CPU.Build.0 = Debug|Any CPU
		{1B11D2AF-08C9-4DCF-AFCE-5809A85D7DBA}.Release|Any CPU.ActiveCfg = Release|Any CPU
		{1B11D2AF-08C9-4DCF-AFCE-5809A85D7DBA}.Release|Any CPU.Build.0 = Release|Any CPU
		{8A325CCE-7980-4CEC-8BF1-A477F5601EC9}.Debug|Any CPU.ActiveCfg = Debug|Any CPU
		{8A325CCE-7980-4CEC-8BF1-A477F5601EC9}.Debug|Any CPU.Build.0 = Debug|Any CPU
		{8A325CCE-7980-4CEC-8BF1-A477F5601EC9}.Release|Any CPU.ActiveCfg = Release|Any CPU
		{8A325CCE-7980-4CEC-8BF1-A477F5601EC9}.Release|Any CPU.Build.0 = Release|Any CPU
	EndGlobalSection
	GlobalSection(SolutionProperties) = preSolution
		HideSolutionNode = FALSE
	EndGlobalSection
EndGlobal
